
Microsoft Visual Studio Solution File, Format Version 12.00
# Visual Studio Version 16
VisualStudioVersion = 16.0.32002.261
MinimumVisualStudioVersion = 10.0.40219.1
Project("{9A19103F-16F7-4668-BE54-9A1E7A4F7556}") = "WebApplication1", "WebApplication1.csproj", "{FFA6CC28-EDFF-44BD-ADF3-3E298DE0B57A}"
EndProject
Project("{FAE04EC0-301F-11D3-BF4B-00C04F79EFBC}") = "WebApp.BAL", "..\WebApp.BAL\WebApp.BAL.csproj", "{B6FD056F-15F0-43A5-8D33-D8F805C070D9}"
EndProject
Project("{FAE04EC0-301F-11D3-BF4B-00C04F79EFBC}") = "WebApp.DAL", "..\WebApp.DAL\WebApp.DAL.csproj", "{429ED53B-3051-4208-9630-B759B9825DE9}"
EndProject
Project("{FAE04EC0-301F-11D3-BF4B-00C04F79EFBC}") = "WebApp.Entity", "..\WebApp.Entity\WebApp.Entity.csproj", "{AB6920EE-6FA2-4979-9BF8-340D768F62C0}"
EndProject
Project("{FAE04EC0-301F-11D3-BF4B-00C04F79EFBC}") = "WebApp.ViewModel", "..\WebApp.ViewModel\WebApp.ViewModel.csproj", "{3B1016D2-3C06-4A29-A349-EB4FB4DAC8AA}"
EndProject
Global
	GlobalSection(SolutionConfigurationPlatforms) = preSolution
		Debug|Any CPU = Debug|Any CPU
		Release|Any CPU = Release|Any CPU
	EndGlobalSection
	GlobalSection(ProjectConfigurationPlatforms) = postSolution
		{FFA6CC28-EDFF-44BD-ADF3-3E298DE0B57A}.Debug|Any CPU.ActiveCfg = Debug|Any CPU
		{FFA6CC28-EDFF-44BD-ADF3-3E298DE0B57A}.Debug|Any CPU.Build.0 = Debug|Any CPU
		{FFA6CC28-EDFF-44BD-ADF3-3E298DE0B57A}.Release|Any CPU.ActiveCfg = Release|Any CPU
		{FFA6CC28-EDFF-44BD-ADF3-3E298DE0B57A}.Release|Any CPU.Build.0 = Release|Any CPU
		{B6FD056F-15F0-43A5-8D33-D8F805C070D9}.Debug|Any CPU.ActiveCfg = Debug|Any CPU
		{B6FD056F-15F0-43A5-8D33-D8F805C070D9}.Debug|Any CPU.Build.0 = Debug|Any CPU
		{B6FD056F-15F0-43A5-8D33-D8F805C070D9}.Release|Any CPU.ActiveCfg = Release|Any CPU
		{B6FD056F-15F0-43A5-8D33-D8F805C070D9}.Release|Any CPU.Build.0 = Release|Any CPU
		{429ED53B-3051-4208-9630-B759B9825DE9}.Debug|Any CPU.ActiveCfg = Debug|Any CPU
		{429ED53B-3051-4208-9630-B759B9825DE9}.Debug|Any CPU.Build.0 = Debug|Any CPU
		{429ED53B-3051-4208-9630-B759B9825DE9}.Release|Any CPU.ActiveCfg = Release|Any CPU
		{429ED53B-3051-4208-9630-B759B9825DE9}.Release|Any CPU.Build.0 = Release|Any CPU
		{AB6920EE-6FA2-4979-9BF8-340D768F62C0}.Debug|Any CPU.ActiveCfg = Debug|Any CPU
		{AB6920EE-6FA2-4979-9BF8-340D768F62C0}.Debug|Any CPU.Build.0 = Debug|Any CPU
		{AB6920EE-6FA2-4979-9BF8-340D768F62C0}.Release|Any CPU.ActiveCfg = Release|Any CPU
		{AB6920EE-6FA2-4979-9BF8-340D768F62C0}.Release|Any CPU.Build.0 = Release|Any CPU
		{3B1016D2-3C06-4A29-A349-EB4FB4DAC8AA}.Debug|Any CPU.ActiveCfg = Debug|Any CPU
		{3B1016D2-3C06-4A29-A349-EB4FB4DAC8AA}.Debug|Any CPU.Build.0 = Debug|Any CPU
		{3B1016D2-3C06-4A29-A349-EB4FB4DAC8AA}.Release|Any CPU.ActiveCfg = Release|Any CPU
		{3B1016D2-3C06-4A29-A349-EB4FB4DAC8AA}.Release|Any CPU.Build.0 = Release|Any CPU
	EndGlobalSection
	GlobalSection(SolutionProperties) = preSolution
		HideSolutionNode = FALSE
	EndGlobalSection
	GlobalSection(ExtensibilityGlobals) = postSolution
		SolutionGuid = {C991AF80-0030-4DDE-85DF-D6E9DA074F80}
	EndGlobalSection
EndGlobal
